# This file is autogenerated, do not edit; changes may be undone by the next 'dep ensure'.


[[projects]]
  digest = "1:1f7f77f3320fee4b173abc1fbbafc7ce17c99dfd0bf79ce080c0bf73a83c31f8"
  name = "github.com/davecgh/go-spew"
  packages = ["spew"]
  pruneopts = "UT"
  revision = "adab96458c51a58dc1783b3335dcce5461522e75"

[[projects]]
  digest = "1:cc526213ac3c3b96ce45ac6cb0bbca991d74942f246aa8cc35a7c0a4591318af"
  name = "github.com/dgrijalva/jwt-go"
  packages = [
    ".",
    "request",
  ]
  pruneopts = "UT"
  revision = "a539ee1a749a2b895533f979515ac7e6e0f5b650"

[[projects]]
  digest = "1:2b59aca2665ff804f6606c8829eaee133ddd3aefbc841014660d961b0034f888"
  name = "github.com/gin-contrib/cors"
  packages = ["."]
  pruneopts = "UT"
  revision = "cf4846e6a636a76237a28d9286f163c132e841bc"
  version = "v1.2"

[[projects]]
  branch = "master"
  digest = "1:36fe9527deed01d2a317617e59304eb2c4ce9f8a24115bcc5c2e37b3aee5bae4"
  name = "github.com/gin-contrib/sse"
  packages = ["."]
  pruneopts = "UT"
  revision = "22d885f9ecc78bf4ee5d72b937e4bbcdc58e8cae"

[[projects]]
  digest = "1:d5083934eb25e45d17f72ffa86cae3814f4a9d6c073c4f16b64147169b245606"
  name = "github.com/gin-gonic/gin"
  packages = [
    ".",
    "binding",
    "json",
    "render",
  ]
  pruneopts = "UT"
  revision = "b869fe1415e4b9eb52f247441830d502aece2d4d"
  version = "v1.3.0"

[[projects]]
  digest = "1:9b0e71863f18fc5de645a263184c8a6409ae731e847b35b25da4be818f1975fa"
  name = "github.com/golang/protobuf"
  packages = ["proto"]
  pruneopts = "UT"
  revision = "0a4f71a498b7c4812f64969510bcb4eca251e33a"

[[projects]]
  digest = "1:1314aac50122892d0e7a0ef68587cd2c8da1fee6b8895db5a1c815633ca06caf"
  name = "github.com/gosimple/slug"
  packages = ["."]
  pruneopts = "UT"
  revision = "e756f2ec7e1e59e2ef20938fac5e677842641777"
  version = "v1.1.0"

[[projects]]
  digest = "1:fc08f87877e76b37f042bc11f22b49f83a3fb2aa3152592d48aac269c6927dbc"
  name = "github.com/jinzhu/gorm"
  packages = [
    ".",
    "dialects/sqlite",
  ]
  pruneopts = "UT"
  revision = "2a1463811ee1dc85d168fd639a2d4251d030e6e5"

[[projects]]
  digest = "1:2cf1e05311b662e68d938f6655c6c5a44ae0e6b3995e390c75fcd8224afa48df"
  name = "github.com/jinzhu/inflection"
  packages = ["."]
  pruneopts = "UT"
  revision = "1c35d901db3da928c72a72d8458480cc9ade058f"

[[projects]]
  digest = "1:6b36aa6c0adb9ef674279f656d50367a7fb477e753168eefffa8a4e596131e46"
  name = "github.com/json-iterator/go"
  packages = ["."]
  pruneopts = "UT"
  revision = "b9dc3ebda73c459dbed33da2f46f95b3c47843c6"

[[projects]]
  digest = "1:fa610f9fe6a93f4a75e64c83673dfff9bf1a34bbb21e6102021b6bc7850834a3"
  name = "github.com/mattn/go-isatty"
  packages = ["."]
  pruneopts = "UT"
  revision = "fc9e8d8ef48496124e79ae0df75490096eccf6fe"
  version = "v0.0.2"

[[projects]]
  digest = "1:adf4823c1d2585a65f0f47f46c8f26052e1bb48c46d218f2a440437c9fcebd0c"
  name = "github.com/mattn/go-sqlite3"
  packages = ["."]
  pruneopts = "UT"
  revision = "47fc4e5e9153645da45af6a86a5bce95e63a0f9e"

[[projects]]
  digest = "1:0028cb19b2e4c3112225cd871870f2d9cf49b9b4276531f03438a88e94be86fe"
  name = "github.com/pmezard/go-difflib"
  packages = ["difflib"]
  pruneopts = "UT"
  revision = "792786c7400a136282c1664665ae0a8db921c6c2"
  version = "v1.0.0"

[[projects]]
  branch = "master"
  digest = "1:e6a29574542c00bb18adb1bfbe629ff88c468c2af2e2e953d3e58eda07165086"
  name = "github.com/rainycape/unidecode"
  packages = ["."]
  pruneopts = "UT"
  revision = "cb7f23ec59bec0d61b19c56cd88cee3d0cc1870c"

[[projects]]
  digest = "1:9f38328bac3f86eec119f97e3ad817c10687ce648da46f822a242a52822b4eab"
  name = "github.com/stretchr/testify"
  packages = ["assert"]
  pruneopts = "UT"
  revision = "05e8a0eda380579888eb53c394909df027f06991"

[[projects]]
  digest = "1:4692f16a37b264e3b69e741506428c50a00db32f9a2f600c1dd8f1f2936c5347"
  name = "github.com/ugorji/go"
  packages = ["codec"]
  pruneopts = "UT"
  revision = "5efa3251c7f7d05e5d9704a69a984ec9f1386a40"

[[projects]]
  digest = "1:8ea79a13e62c52c3320488a58b7b3182b26da30a7b6fab61c3f2e56e4f199cec"
  name = "github.com/wangzitian0/golang-gin-starter-kit"
  packages = [
    "articles",
    "common",
    "users",
  ]
  pruneopts = "UT"
  revision = "9423bbefbc22d77939a18069037a3f08fd4f5592"
  version = "0.0.6"

[[projects]]
  branch = "master"
  digest = "1:1ecf2a49df33be51e757d0033d5d51d5f784f35f68e5a38f797b2d3f03357d71"
  name = "golang.org/x/crypto"
  packages = [
    "bcrypt",
    "blowfish",
  ]
  pruneopts = "UT"
  revision = "4d3f4d9ffa16a13f451c3b2999e9c49e9750bf06"

[[projects]]
  digest = "1:137a07d176f06db21c807d085339244f6a58ddac7d4f2fe5607a39392a2dcb5a"
  name = "golang.org/x/net"
  packages = ["context"]
  pruneopts = "UT"
  revision = "f01ecb60fe3835d80d9a0b7b2bf24b228c89260e"

[[projects]]
  digest = "1:15f3bd7ec88a9093cc01c63933f9860ee8d371f1169aeacb58ab0473ebd0bb69"
  name = "golang.org/x/sys"
  packages = ["unix"]
  pruneopts = "UT"
  revision = "abf9c25f54453410d0c6668e519582a9e1115027"

[[projects]]
  digest = "1:2655728699af00d823b0a68bd7169fd241a30c04252f456b34421908701b9c3f"
  name = "gopkg.in/gin-gonic/gin.v1"
  packages = ["."]
  pruneopts = "UT"
  revision = "d459835d2b077e44f7c9b453505ee29881d5d12d"
  version = "v1.2"

[[projects]]
  digest = "1:1b4724d3c8125f6044925f02b485b74bfec9905cbf579d95aafd1a6c8f8447d3"
  name = "gopkg.in/go-playground/validator.v8"
  packages = ["."]
  pruneopts = "UT"
  revision = "5f57d2222ad794d0dffb07e664ea05e2ee07d60c"
  version = "v8.18.1"

[[projects]]
  digest = "1:89887bdb378fb21673d4874cd2b0fb22868149489ed5749cf23838c8d6955525"
  name = "gopkg.in/yaml.v2"
  packages = ["."]
  pruneopts = "UT"
  revision = "1be3d31502d6eabc0dd7ce5b0daab022e14a5538"

[solve-meta]
  analyzer-name = "dep"
  analyzer-version = 1
  input-imports = [
    "github.com/dgrijalva/jwt-go",
    "github.com/dgrijalva/jwt-go/request",
    "github.com/gin-contrib/cors",
    "github.com/gin-gonic/gin",
    "github.com/gin-gonic/gin/binding",
    "github.com/gosimple/slug",
    "github.com/jinzhu/gorm",
    "github.com/jinzhu/gorm/dialects/sqlite",
    "github.com/stretchr/testify/assert",
    "github.com/wangzitian0/golang-gin-starter-kit/articles",
    "github.com/wangzitian0/golang-gin-starter-kit/common",
    "github.com/wangzitian0/golang-gin-starter-kit/users",
    "golang.org/x/crypto/bcrypt",
    "gopkg.in/gin-gonic/gin.v1",
    "gopkg.in/go-playground/validator.v8",
  ]
  solver-name = "gps-cdcl"
  solver-version = 1
